
Microsoft Visual Studio Solution File, Format Version 12.00
# Visual Studio Version 17
VisualStudioVersion = 17.14.36717.8 d17.14
MinimumVisualStudioVersion = 10.0.40219.1
Project("{FAE04EC0-301F-11D3-BF4B-00C04F79EFBC}") = "testt", "testt.csproj", "{9269C818-5931-41F9-898E-90671DA3F6DE}"
EndProject
Global
	GlobalSection(SolutionConfigurationPlatforms) = preSolution
		Debug|Any CPU = Debug|Any CPU
		Release|Any CPU = Release|Any CPU
	EndGlobalSection
	GlobalSection(ProjectConfigurationPlatforms) = postSolution
		{9269C818-5931-41F9-898E-90671DA3F6DE}.Debug|Any CPU.ActiveCfg = Debug|Any CPU
		{9269C818-5931-41F9-898E-90671DA3F6DE}.Debug|Any CPU.Build.0 = Debug|Any CPU
		{9269C818-5931-41F9-898E-90671DA3F6DE}.Release|Any CPU.ActiveCfg = Release|Any CPU
		{9269C818-5931-41F9-898E-90671DA3F6DE}.Release|Any CPU.Build.0 = Release|Any CPU
	EndGlobalSection
	GlobalSection(SolutionProperties) = preSolution
		HideSolutionNode = FALSE
	EndGlobalSection
	GlobalSection(ExtensibilityGlobals) = postSolution
		SolutionGuid = {F2C6B31D-D4A7-4880-9F79-8681B9B20C4F}
	EndGlobalSection
EndGlobal
